PODS:
  - Flutter (1.0.0)
  - iZettleSDK (4.0.0)
  - zettle (0.1.0):
    - Flutter
    - iZettleSDK (= 4.0.0)

DEPENDENCIES:
  - Flutter (from `Flutter`)
  - zettle (from `.symlinks/plugins/zettle/ios`)

SPEC REPOS:
  trunk:
    - iZettleSDK

EXTERNAL SOURCES:
  Flutter:
    :path: Flutter
  zettle:
    :path: ".symlinks/plugins/zettle/ios"

SPEC CHECKSUMS:
  Flutter: f04841e97a9d0b0a8025694d0796dd46242b2854
  iZettleSDK: e1e316aef5439fb19a44b1daa6725a877bab9d17
  zettle: e1f98832846c7b8c844b06c9d444c47b7f2c7c79

PODFILE CHECKSUM: 4e8f8b2be68aeea4c0d5beb6ff1e79fface1d048

COCOAPODS: 1.14.3
